// !$*UTF8*$!
{
	archiveVersion = 1;
	classes = {
	};
	objectVersion = 46;
	objects = {

/* Begin PBXBuildFile section */
		37E5F5DB185187BA003433D9 /* Cocoa.framework in Frameworks */ = {isa = PBXBuildFile; fileRef = 37E5F5DA185187BA003433D9 /* Cocoa.framework */; };
		37E5F5E5185187BA003433D9 /* InfoPlist.strings in Resources */ = {isa = PBXBuildFile; fileRef = 37E5F5E3185187BA003433D9 /* InfoPlist.strings */; };
		37E5F5E7185187BA003433D9 /* main.m in Sources */ = {isa = PBXBuildFile; fileRef = 37E5F5E6185187BA003433D9 /* main.m */; };
		37E5F5EB185187BA003433D9 /* Credits.rtf in Resources */ = {isa = PBXBuildFile; fileRef = 37E5F5E9185187BA003433D9 /* Credits.rtf */; };
		37E5F5F6185187BA003433D9 /* Images.xcassets in Resources */ = {isa = PBXBuildFile; fileRef = 37E5F5F5185187BA003433D9 /* Images.xcassets */; };
		37E5F5FD185187BA003433D9 /* XCTest.framework in Frameworks */ = {isa = PBXBuildFile; fileRef = 37E5F5FC185187BA003433D9 /* XCTest.framework */; };
		37E5F5FE185187BA003433D9 /* Cocoa.framework in Frameworks */ = {isa = PBXBuildFile; fileRef = 37E5F5DA185187BA003433D9 /* Cocoa.framework */; };
		37E5F606185187BA003433D9 /* InfoPlist.strings in Resources */ = {isa = PBXBuildFile; fileRef = 37E5F604185187BA003433D9 /* InfoPlist.strings */; };
		37E5F608185187BA003433D9 /* HSPMacTests.m in Sources */ = {isa = PBXBuildFile; fileRef = 37E5F607185187BA003433D9 /* HSPMacTests.m */; };
		37E5F61318518808003433D9 /* HSPDocument.xib in Resources */ = {isa = PBXBuildFile; fileRef = 37E5F61118518808003433D9 /* HSPDocument.xib */; };
		37E5F61418518808003433D9 /* MainMenu.xib in Resources */ = {isa = PBXBuildFile; fileRef = 37E5F61218518808003433D9 /* MainMenu.xib */; };
		37E5F61C1851881C003433D9 /* HSPDocument.m in Sources */ = {isa = PBXBuildFile; fileRef = 37E5F6161851881C003433D9 /* HSPDocument.m */; };
		37E5F61D1851881C003433D9 /* HSPObject.m in Sources */ = {isa = PBXBuildFile; fileRef = 37E5F6181851881C003433D9 /* HSPObject.m */; };
		37E5F61E1851881C003433D9 /* HSPView.m in Sources */ = {isa = PBXBuildFile; fileRef = 37E5F61A1851881C003433D9 /* HSPView.m */; };
		37E5F620185188D9003433D9 /* HSPMac.icns in Resources */ = {isa = PBXBuildFile; fileRef = 37E5F61F185188D9003433D9 /* HSPMac.icns */; };
		37E5F6221851890A003433D9 /* ax.icns in Resources */ = {isa = PBXBuildFile; fileRef = 37E5F6211851890A003433D9 /* ax.icns */; };
		37E5F62418518C50003433D9 /* Localizable.strings in Resources */ = {isa = PBXBuildFile; fileRef = 37E5F62318518C50003433D9 /* Localizable.strings */; };
/* End PBXBuildFile section */

/* Begin PBXContainerItemProxy section */
		37E5F5FF185187BA003433D9 /* PBXContainerItemProxy */ = {
			isa = PBXContainerItemProxy;
			containerPortal = 37E5F5CF185187BA003433D9 /* Project object */;
			proxyType = 1;
			remoteGlobalIDString = 37E5F5D6185187BA003433D9;
			remoteInfo = HSPMac;
		};
/* End PBXContainerItemProxy section */

/* Begin PBXFileReference section */
		37E5F5D7185187BA003433D9 /* HSPMac.app */ = {isa = PBXFileReference; explicitFileType = wrapper.application; includeInIndex = 0; path = HSPMac.app; sourceTree = BUILT_PRODUCTS_DIR; };
		37E5F5DA185187BA003433D9 /* Cocoa.framework */ = {isa = PBXFileReference; lastKnownFileType = wrapper.framework; name = Cocoa.framework; path = System/Library/Frameworks/Cocoa.framework; sourceTree = SDKROOT; };
		37E5F5DD185187BA003433D9 /* AppKit.framework */ = {isa = PBXFileReference; lastKnownFileType = wrapper.framework; name = AppKit.framework; path = System/Library/Frameworks/AppKit.framework; sourceTree = SDKROOT; };
		37E5F5DE185187BA003433D9 /* CoreData.framework */ = {isa = PBXFileReference; lastKnownFileType = wrapper.framework; name = CoreData.framework; path = System/Library/Frameworks/CoreData.framework; sourceTree = SDKROOT; };
		37E5F5DF185187BA003433D9 /* Foundation.framework */ = {isa = PBXFileReference; lastKnownFileType = wrapper.framework; name = Foundation.framework; path = System/Library/Frameworks/Foundation.framework; sourceTree = SDKROOT; };
		37E5F5E2185187BA003433D9 /* HSPMac-Info.plist */ = {isa = PBXFileReference; lastKnownFileType = text.plist.xml; path = "HSPMac-Info.plist"; sourceTree = "<group>"; };
		37E5F5E4185187BA003433D9 /* en */ = {isa = PBXFileReference; lastKnownFileType = text.plist.strings; name = en; path = en.lproj/InfoPlist.strings; sourceTree = "<group>"; };
		37E5F5E6185187BA003433D9 /* main.m */ = {isa = PBXFileReference; lastKnownFileType = sourcecode.c.objc; path = main.m; sourceTree = "<group>"; };
		37E5F5E8185187BA003433D9 /* HSPMac-Prefix.pch */ = {isa = PBXFileReference; lastKnownFileType = sourcecode.c.h; path = "HSPMac-Prefix.pch"; sourceTree = "<group>"; };
		37E5F5EA185187BA003433D9 /* en */ = {isa = PBXFileReference; lastKnownFileType = text.rtf; name = en; path = en.lproj/Credits.rtf; sourceTree = "<group>"; };
		37E5F5F5185187BA003433D9 /* Images.xcassets */ = {isa = PBXFileReference; lastKnownFileType = folder.assetcatalog; path = Images.xcassets; sourceTree = "<group>"; };
		37E5F5FB185187BA003433D9 /* HSPMacTests.xctest */ = {isa = PBXFileReference; explicitFileType = wrapper.cfbundle; includeInIndex = 0; path = HSPMacTests.xctest; sourceTree = BUILT_PRODUCTS_DIR; };
		37E5F5FC185187BA003433D9 /* XCTest.framework */ = {isa = PBXFileReference; lastKnownFileType = wrapper.framework; name = XCTest.framework; path = Library/Frameworks/XCTest.framework; sourceTree = DEVELOPER_DIR; };
		37E5F603185187BA003433D9 /* HSPMacTests-Info.plist */ = {isa = PBXFileReference; lastKnownFileType = text.plist.xml; path = "HSPMacTests-Info.plist"; sourceTree = "<group>"; };
		37E5F605185187BA003433D9 /* en */ = {isa = PBXFileReference; lastKnownFileType = text.plist.strings; name = en; path = en.lproj/InfoPlist.strings; sourceTree = "<group>"; };
		37E5F607185187BA003433D9 /* HSPMacTests.m */ = {isa = PBXFileReference; lastKnownFileType = sourcecode.c.objc; path = HSPMacTests.m; sourceTree = "<group>"; };
		37E5F61118518808003433D9 /* HSPDocument.xib */ = {isa = PBXFileReference; fileEncoding = 4; lastKnownFileType = file.xib; path = HSPDocument.xib; sourceTree = "<group>"; };
		37E5F61218518808003433D9 /* MainMenu.xib */ = {isa = PBXFileReference; fileEncoding = 4; lastKnownFileType = file.xib; path = MainMenu.xib; sourceTree = "<group>"; };
		37E5F6151851881C003433D9 /* HSPDocument.h */ = {isa = PBXFileReference; fileEncoding = 4; lastKnownFileType = sourcecode.c.h; path = HSPDocument.h; sourceTree = "<group>"; };
		37E5F6161851881C003433D9 /* HSPDocument.m */ = {isa = PBXFileReference; fileEncoding = 4; lastKnownFileType = sourcecode.c.objc; path = HSPDocument.m; sourceTree = "<group>"; };
		37E5F6171851881C003433D9 /* HSPObject.h */ = {isa = PBXFileReference; fileEncoding = 4; lastKnownFileType = sourcecode.c.h; path = HSPObject.h; sourceTree = "<group>"; };
		37E5F6181851881C003433D9 /* HSPObject.m */ = {isa = PBXFileReference; fileEncoding = 4; lastKnownFileType = sourcecode.c.objc; path = HSPObject.m; sourceTree = "<group>"; };
		37E5F6191851881C003433D9 /* HSPView.h */ = {isa = PBXFileReference; fileEncoding = 4; lastKnownFileType = sourcecode.c.h; path = HSPView.h; sourceTree = "<group>"; };
		37E5F61A1851881C003433D9 /* HSPView.m */ = {isa = PBXFileReference; fileEncoding = 4; lastKnownFileType = sourcecode.c.objc; path = HSPView.m; sourceTree = "<group>"; };
		37E5F61B1851881C003433D9 /* openhsp.h */ = {isa = PBXFileReference; fileEncoding = 4; lastKnownFileType = sourcecode.c.h; path = openhsp.h; sourceTree = "<group>"; };
		37E5F61F185188D9003433D9 /* HSPMac.icns */ = {isa = PBXFileReference; lastKnownFileType = image.icns; path = HSPMac.icns; sourceTree = "<group>"; };
		37E5F6211851890A003433D9 /* ax.icns */ = {isa = PBXFileReference; lastKnownFileType = image.icns; path = ax.icns; sourceTree = "<group>"; };
		37E5F62318518C50003433D9 /* Localizable.strings */ = {isa = PBXFileReference; fileEncoding = 4; lastKnownFileType = text.plist.strings; path = Localizable.strings; sourceTree = "<group>"; };
/* End PBXFileReference section */

/* Begin PBXFrameworksBuildPhase section */
		37E5F5D4185187BA003433D9 /* Frameworks */ = {
			isa = PBXFrameworksBuildPhase;
			buildActionMask = 2147483647;
			files = (
				37E5F5DB185187BA003433D9 /* Cocoa.framework in Frameworks */,
			);
			runOnlyForDeploymentPostprocessing = 0;
		};
		37E5F5F8185187BA003433D9 /* Frameworks */ = {
			isa = PBXFrameworksBuildPhase;
			buildActionMask = 2147483647;
			files = (
				37E5F5FE185187BA003433D9 /* Cocoa.framework in Frameworks */,
				37E5F5FD185187BA003433D9 /* XCTest.framework in Frameworks */,
			);
			runOnlyForDeploymentPostprocessing = 0;
		};
/* End PBXFrameworksBuildPhase section */

/* Begin PBXGroup section */
		37E5F5CE185187BA003433D9 = {
			isa = PBXGroup;
			children = (
				37E5F61F185188D9003433D9 /* HSPMac.icns */,
				37E5F6211851890A003433D9 /* ax.icns */,
				37E5F5E0185187BA003433D9 /* HSPMac */,
				37E5F601185187BA003433D9 /* HSPMacTests */,
				37E5F5D9185187BA003433D9 /* Frameworks */,
				37E5F5D8185187BA003433D9 /* Products */,
			);
			sourceTree = "<group>";
		};
		37E5F5D8185187BA003433D9 /* Products */ = {
			isa = PBXGroup;
			children = (
				37E5F5D7185187BA003433D9 /* HSPMac.app */,
				37E5F5FB185187BA003433D9 /* HSPMacTests.xctest */,
			);
			name = Products;
			sourceTree = "<group>";
		};
		37E5F5D9185187BA003433D9 /* Frameworks */ = {
			isa = PBXGroup;
			children = (
				37E5F5DA185187BA003433D9 /* Cocoa.framework */,
				37E5F5FC185187BA003433D9 /* XCTest.framework */,
				37E5F5DC185187BA003433D9 /* Other Frameworks */,
			);
			name = Frameworks;
			sourceTree = "<group>";
		};
		37E5F5DC185187BA003433D9 /* Other Frameworks */ = {
			isa = PBXGroup;
			children = (
				37E5F5DD185187BA003433D9 /* AppKit.framework */,
				37E5F5DE185187BA003433D9 /* CoreData.framework */,
				37E5F5DF185187BA003433D9 /* Foundation.framework */,
			);
			name = "Other Frameworks";
			sourceTree = "<group>";
		};
		37E5F5E0185187BA003433D9 /* HSPMac */ = {
			isa = PBXGroup;
			children = (
				37E5F62318518C50003433D9 /* Localizable.strings */,
				37E5F6151851881C003433D9 /* HSPDocument.h */,
				37E5F6161851881C003433D9 /* HSPDocument.m */,
				37E5F6171851881C003433D9 /* HSPObject.h */,
				37E5F6181851881C003433D9 /* HSPObject.m */,
				37E5F6191851881C003433D9 /* HSPView.h */,
				37E5F61A1851881C003433D9 /* HSPView.m */,
				37E5F61B1851881C003433D9 /* openhsp.h */,
				37E5F61118518808003433D9 /* HSPDocument.xib */,
				37E5F61218518808003433D9 /* MainMenu.xib */,
				37E5F5F5185187BA003433D9 /* Images.xcassets */,
				37E5F5E1185187BA003433D9 /* Supporting Files */,
			);
			path = HSPMac;
			sourceTree = "<group>";
		};
		37E5F5E1185187BA003433D9 /* Supporting Files */ = {
			isa = PBXGroup;
			children = (
				37E5F5E2185187BA003433D9 /* HSPMac-Info.plist */,
				37E5F5E3185187BA003433D9 /* InfoPlist.strings */,
				37E5F5E6185187BA003433D9 /* main.m */,
				37E5F5E8185187BA003433D9 /* HSPMac-Prefix.pch */,
				37E5F5E9185187BA003433D9 /* Credits.rtf */,
			);
			name = "Supporting Files";
			sourceTree = "<group>";
		};
		37E5F601185187BA003433D9 /* HSPMacTests */ = {
			isa = PBXGroup;
			children = (
				37E5F607185187BA003433D9 /* HSPMacTests.m */,
				37E5F602185187BA003433D9 /* Supporting Files */,
			);
			path = HSPMacTests;
			sourceTree = "<group>";
		};
		37E5F602185187BA003433D9 /* Supporting Files */ = {
			isa = PBXGroup;
			children = (
				37E5F603185187BA003433D9 /* HSPMacTests-Info.plist */,
				37E5F604185187BA003433D9 /* InfoPlist.strings */,
			);
			name = "Supporting Files";
			sourceTree = "<group>";
		};
/* End PBXGroup section */

/* Begin PBXNativeTarget section */
		37E5F5D6185187BA003433D9 /* HSPMac */ = {
			isa = PBXNativeTarget;
			buildConfigurationList = 37E5F60B185187BA003433D9 /* Build configuration list for PBXNativeTarget "HSPMac" */;
			buildPhases = (
				37E5F5D3185187BA003433D9 /* Sources */,
				37E5F5D4185187BA003433D9 /* Frameworks */,
				37E5F5D5185187BA003433D9 /* Resources */,
			);
			buildRules = (
			);
			dependencies = (
			);
			name = HSPMac;
			productName = HSPMac;
			productReference = 37E5F5D7185187BA003433D9 /* HSPMac.app */;
			productType = "com.apple.product-type.application";
		};
		37E5F5FA185187BA003433D9 /* HSPMacTests */ = {
			isa = PBXNativeTarget;
			buildConfigurationList = 37E5F60E185187BA003433D9 /* Build configuration list for PBXNativeTarget "HSPMacTests" */;
			buildPhases = (
				37E5F5F7185187BA003433D9 /* Sources */,
				37E5F5F8185187BA003433D9 /* Frameworks */,
				37E5F5F9185187BA003433D9 /* Resources */,
			);
			buildRules = (
			);
			dependencies = (
				37E5F600185187BA003433D9 /* PBXTargetDependency */,
			);
			name = HSPMacTests;
			productName = HSPMacTests;
			productReference = 37E5F5FB185187BA003433D9 /* HSPMacTests.xctest */;
			productType = "com.apple.product-type.bundle.unit-test";
		};
/* End PBXNativeTarget section */

/* Begin PBXProject section */
		37E5F5CF185187BA003433D9 /* Project object */ = {
			isa = PBXProject;
			attributes = {
				CLASSPREFIX = HSP;
				LastUpgradeCheck = 0500;
				ORGANIZATIONNAME = kenta;
				TargetAttributes = {
					37E5F5FA185187BA003433D9 = {
						TestTargetID = 37E5F5D6185187BA003433D9;
					};
				};
			};
			buildConfigurationList = 37E5F5D2185187BA003433D9 /* Build configuration list for PBXProject "HSPMac" */;
			compatibilityVersion = "Xcode 3.2";
			developmentRegion = English;
			hasScannedForEncodings = 0;
			knownRegions = (
				en,
				Base,
			);
			mainGroup = 37E5F5CE185187BA003433D9;
			productRefGroup = 37E5F5D8185187BA003433D9 /* Products */;
			projectDirPath = "";
			projectRoot = "";
			targets = (
				37E5F5D6185187BA003433D9 /* HSPMac */,
				37E5F5FA185187BA003433D9 /* HSPMacTests */,
			);
		};
/* End PBXProject section */

/* Begin PBXResourcesBuildPhase section */
		37E5F5D5185187BA003433D9 /* Resources */ = {
			isa = PBXResourcesBuildPhase;
			buildActionMask = 2147483647;
			files = (
				37E5F6221851890A003433D9 /* ax.icns in Resources */,
				37E5F5E5185187BA003433D9 /* InfoPlist.strings in Resources */,
				37E5F61418518808003433D9 /* MainMenu.xib in Resources */,
				37E5F620185188D9003433D9 /* HSPMac.icns in Resources */,
				37E5F5F6185187BA003433D9 /* Images.xcassets in Resources */,
				37E5F62418518C50003433D9 /* Localizable.strings in Resources */,
				37E5F61318518808003433D9 /* HSPDocument.xib in Resources */,
				37E5F5EB185187BA003433D9 /* Credits.rtf in Resources */,
			);
			runOnlyForDeploymentPostprocessing = 0;
		};
		37E5F5F9185187BA003433D9 /* Resources */ = {
			isa = PBXResourcesBuildPhase;
			buildActionMask = 2147483647;
			files = (
				37E5F606185187BA003433D9 /* InfoPlist.strings in Resources */,
			);
			runOnlyForDeploymentPostprocessing = 0;
		};
/* End PBXResourcesBuildPhase section */

/* Begin PBXSourcesBuildPhase section */
		37E5F5D3185187BA003433D9 /* Sources */ = {
			isa = PBXSourcesBuildPhase;
			buildActionMask = 2147483647;
			files = (
				37E5F61C1851881C003433D9 /* HSPDocument.m in Sources */,
				37E5F61D1851881C003433D9 /* HSPObject.m in Sources */,
				37E5F61E1851881C003433D9 /* HSPView.m in Sources */,
				37E5F5E7185187BA003433D9 /* main.m in Sources */,
			);
			runOnlyForDeploymentPostprocessing = 0;
		};
		37E5F5F7185187BA003433D9 /* Sources */ = {
			isa = PBXSourcesBuildPhase;
			buildActionMask = 2147483647;
			files = (
				37E5F608185187BA003433D9 /* HSPMacTests.m in Sources */,
			);
			runOnlyForDeploymentPostprocessing = 0;
		};
/* End PBXSourcesBuildPhase section */

/* Begin PBXTargetDependency section */
		37E5F600185187BA003433D9 /* PBXTargetDependency */ = {
			isa = PBXTargetDependency;
			target = 37E5F5D6185187BA003433D9 /* HSPMac */;
			targetProxy = 37E5F5FF185187BA003433D9 /* PBXContainerItemProxy */;
		};
/* End PBXTargetDependency section */

/* Begin PBXVariantGroup section */
		37E5F5E3185187BA003433D9 /* InfoPlist.strings */ = {
			isa = PBXVariantGroup;
			children = (
				37E5F5E4185187BA003433D9 /* en */,
			);
			name = InfoPlist.strings;
			sourceTree = "<group>";
		};
		37E5F5E9185187BA003433D9 /* Credits.rtf */ = {
			isa = PBXVariantGroup;
			children = (
				37E5F5EA185187BA003433D9 /* en */,
			);
			name = Credits.rtf;
			sourceTree = "<group>";
		};
		37E5F604185187BA003433D9 /* InfoPlist.strings */ = {
			isa = PBXVariantGroup;
			children = (
				37E5F605185187BA003433D9 /* en */,
			);
			name = InfoPlist.strings;
			sourceTree = "<group>";
		};
/* End PBXVariantGroup section */

/* Begin XCBuildConfiguration section */
		37E5F609185187BA003433D9 /* Debug */ = {
			isa = XCBuildConfiguration;
			buildSettings = {
				ALWAYS_SEARCH_USER_PATHS = NO;
				CLANG_CXX_LANGUAGE_STANDARD = "gnu++0x";
				CLANG_CXX_LIBRARY = "libc++";
				CLANG_ENABLE_OBJC_ARC = YES;
				CLANG_WARN_BOOL_CONVERSION = YES;
				CLANG_WARN_CONSTANT_CONVERSION = YES;
				CLANG_WARN_DIRECT_OBJC_ISA_USAGE = YES_ERROR;
				CLANG_WARN_EMPTY_BODY = YES;
				CLANG_WARN_ENUM_CONVERSION = YES;
				CLANG_WARN_INT_CONVERSION = YES;
				CLANG_WARN_OBJC_ROOT_CLASS = YES_ERROR;
				CLANG_WARN__DUPLICATE_METHOD_MATCH = YES;
				COPY_PHASE_STRIP = NO;
				GCC_C_LANGUAGE_STANDARD = gnu99;
				GCC_DYNAMIC_NO_PIC = NO;
				GCC_ENABLE_OBJC_EXCEPTIONS = YES;
				GCC_OPTIMIZATION_LEVEL = 0;
				GCC_PREPROCESSOR_DEFINITIONS = (
					"DEBUG=1",
					"$(inherited)",
				);
				GCC_SYMBOLS_PRIVATE_EXTERN = NO;
				GCC_WARN_64_TO_32_BIT_CONVERSION = YES;
				GCC_WARN_ABOUT_RETURN_TYPE = YES_ERROR;
				GCC_WARN_UNDECLARED_SELECTOR = YES;
				GCC_WARN_UNINITIALIZED_AUTOS = YES;
				GCC_WARN_UNUSED_FUNCTION = YES;
				GCC_WARN_UNUSED_VARIABLE = YES;
				MACOSX_DEPLOYMENT_TARGET = 10.9;
				ONLY_ACTIVE_ARCH = YES;
				SDKROOT = macosx;
			};
			name = Debug;
		};
		37E5F60A185187BA003433D9 /* Release */ = {
			isa = XCBuildConfiguration;
			buildSettings = {
				ALWAYS_SEARCH_USER_PATHS = NO;
				CLANG_CXX_LANGUAGE_STANDARD = "gnu++0x";
				CLANG_CXX_LIBRARY = "libc++";
				CLANG_ENABLE_OBJC_ARC = YES;
				CLANG_WARN_BOOL_CONVERSION = YES;
				CLANG_WARN_CONSTANT_CONVERSION = YES;
				CLANG_WARN_DIRECT_OBJC_ISA_USAGE = YES_ERROR;
				CLANG_WARN_EMPTY_BODY = YES;
				CLANG_WARN_ENUM_CONVERSION = YES;
				CLANG_WARN_INT_CONVERSION = YES;
				CLANG_WARN_OBJC_ROOT_CLASS = YES_ERROR;
				CLANG_WARN__DUPLICATE_METHOD_MATCH = YES;
				COPY_PHASE_STRIP = YES;
				DEBUG_INFORMATION_FORMAT = "dwarf-with-dsym";
				ENABLE_NS_ASSERTIONS = NO;
				GCC_C_LANGUAGE_STANDARD = gnu99;
				GCC_ENABLE_OBJC_EXCEPTIONS = YES;
				GCC_WARN_64_TO_32_BIT_CONVERSION = YES;
				GCC_WARN_ABOUT_RETURN_TYPE = YES_ERROR;
				GCC_WARN_UNDECLARED_SELECTOR = YES;
				GCC_WARN_UNINITIALIZED_AUTOS = YES;
				GCC_WARN_UNUSED_FUNCTION = YES;
				GCC_WARN_UNUSED_VARIABLE = YES;
				MACOSX_DEPLOYMENT_TARGET = 10.9;
				SDKROOT = macosx;
			};
			name = Release;
		};
		37E5F60C185187BA003433D9 /* Debug */ = {
			isa = XCBuildConfiguration;
			buildSettings = {
				COMBINE_HIDPI_IMAGES = YES;
				GCC_PRECOMPILE_PREFIX_HEADER = YES;
				GCC_PREFIX_HEADER = "HSPMac/HSPMac-Prefix.pch";
				INFOPLIST_FILE = "HSPMac/HSPMac-Info.plist";
				MACOSX_DEPLOYMENT_TARGET = 10.8;
				PRODUCT_NAME = "$(TARGET_NAME)";
				SDKROOT = macosx10.8;
				WRAPPER_EXTENSION = app;
			};
			name = Debug;
		};
		37E5F60D185187BA003433D9 /* Release */ = {
			isa = XCBuildConfiguration;
			buildSettings = {
				COMBINE_HIDPI_IMAGES = YES;
				GCC_PRECOMPILE_PREFIX_HEADER = YES;
				GCC_PREFIX_HEADER = "HSPMac/HSPMac-Prefix.pch";
				INFOPLIST_FILE = "HSPMac/HSPMac-Info.plist";
				MACOSX_DEPLOYMENT_TARGET = 10.8;
				PRODUCT_NAME = "$(TARGET_NAME)";
				SDKROOT = macosx10.8;
				WRAPPER_EXTENSION = app;
			};
			name = Release;
		};
		37E5F60F185187BA003433D9 /* Debug */ = {
			isa = XCBuildConfiguration;
			buildSettings = {
				BUNDLE_LOADER = "$(BUILT_PRODUCTS_DIR)/HSPMac.app/Contents/MacOS/HSPMac";
				COMBINE_HIDPI_IMAGES = YES;
				FRAMEWORK_SEARCH_PATHS = (
					"$(DEVELOPER_FRAMEWORKS_DIR)",
					"$(inherited)",
				);
				GCC_PRECOMPILE_PREFIX_HEADER = YES;
				GCC_PREFIX_HEADER = "HSPMac/HSPMac-Prefix.pch";
				GCC_PREPROCESSOR_DEFINITIONS = (
					"DEBUG=1",
					"$(inherited)",
				);
				INFOPLIST_FILE = "HSPMacTests/HSPMacTests-Info.plist";
				PRODUCT_NAME = "$(TARGET_NAME)";
				TEST_HOST = "$(BUNDLE_LOADER)";
				WRAPPER_EXTENSION = xctest;
			};
			name = Debug;
		};
		37E5F610185187BA003433D9 /* Release */ = {
			isa = XCBuildConfiguration;
			buildSettings = {
				BUNDLE_LOADER = "$(BUILT_PRODUCTS_DIR)/HSPMac.app/Contents/MacOS/HSPMac";
				COMBINE_HIDPI_IMAGES = YES;
				FRAMEWORK_SEARCH_PATHS = (
					"$(DEVELOPER_FRAMEWORKS_DIR)",
					"$(inherited)",
				);
				GCC_PRECOMPILE_PREFIX_HEADER = YES;
				GCC_PREFIX_HEADER = "HSPMac/HSPMac-Prefix.pch";
				INFOPLIST_FILE = "HSPMacTests/HSPMacTests-Info.plist";
				PRODUCT_NAME = "$(TARGET_NAME)";
				TEST_HOST = "$(BUNDLE_LOADER)";
				WRAPPER_EXTENSION = xctest;
			};
			name = Release;
		};
/* End XCBuildConfiguration section */

/* Begin XCConfigurationList section */
		37E5F5D2185187BA003433D9 /* Build configuration list for PBXProject "HSPMac" */ = {
			isa = XCConfigurationList;
			buildConfigurations = (
				37E5F609185187BA003433D9 /* Debug */,
				37E5F60A185187BA003433D9 /* Release */,
			);
			defaultConfigurationIsVisible = 0;
			defaultConfigurationName = Release;
		};
		37E5F60B185187BA003433D9 /* Build configuration list for PBXNativeTarget "HSPMac" */ = {
			isa = XCConfigurationList;
			buildConfigurations = (
				37E5F60C185187BA003433D9 /* Debug */,
				37E5F60D185187BA003433D9 /* Release */,
			);
			defaultConfigurationIsVisible = 0;
		};
		37E5F60E185187BA003433D9 /* Build configuration list for PBXNativeTarget "HSPMacTests" */ = {
			isa = XCConfigurationList;
			buildConfigurations = (
				37E5F60F185187BA003433D9 /* Debug */,
				37E5F610185187BA003433D9 /* Release */,
			);
			defaultConfigurationIsVisible = 0;
		};
/* End XCConfigurationList section */
	};
	rootObject = 37E5F5CF185187BA003433D9 /* Project object */;
}
